// !$*UTF8*$!
{
	archiveVersion = 1;
	classes = {
	};
	objectVersion = 46;
	objects = {

/* Begin PBXBuildFile section */
		771BEC001D8B0FB100ED1ED5 /* AppDelegate.swift in Sources */ = {isa = PBXBuildFile; fileRef = 771BEBFF1D8B0FB100ED1ED5 /* AppDelegate.swift */; };
		771BEC021D8B0FB100ED1ED5 /* ViewController.swift in Sources */ = {isa = PBXBuildFile; fileRef = 771BEC011D8B0FB100ED1ED5 /* ViewController.swift */; };
		771BEC051D8B0FB100ED1ED5 /* Main.storyboard in Resources */ = {isa = PBXBuildFile; fileRef = 771BEC031D8B0FB100ED1ED5 /* Main.storyboard */; };
		771BEC071D8B0FB100ED1ED5 /* Assets.xcassets in Resources */ = {isa = PBXBuildFile; fileRef = 771BEC061D8B0FB100ED1ED5 /* Assets.xcassets */; };
		771BEC0A1D8B0FB100ED1ED5 /* LaunchScreen.storyboard in Resources */ = {isa = PBXBuildFile; fileRef = 771BEC081D8B0FB100ED1ED5 /* LaunchScreen.storyboard */; };
/* End PBXBuildFile section */

/* Begin PBXFileReference section */
		771BEBFC1D8B0FB100ED1ED5 /* OvercomeTheWorld.app */ = {isa = PBXFileReference; explicitFileType = wrapper.application; includeInIndex = 0; path = OvercomeTheWorld.app; sourceTree = BUILT_PRODUCTS_DIR; };
		771BEBFF1D8B0FB100ED1ED5 /* AppDelegate.swift */ = {isa = PBXFileReference; lastKnownFileType = sourcecode.swift; path = AppDelegate.swift; sourceTree = "<group>"; };
		771BEC011D8B0FB100ED1ED5 /* ViewController.swift */ = {isa = PBXFileReference; lastKnownFileType = sourcecode.swift; path = ViewController.swift; sourceTree = "<group>"; };
		771BEC041D8B0FB100ED1ED5 /* Base */ = {isa = PBXFileReference; lastKnownFileType = file.storyboard; name = Base; path = Base.lproj/Main.storyboard; sourceTree = "<group>"; };
		771BEC061D8B0FB100ED1ED5 /* Assets.xcassets */ = {isa = PBXFileReference; lastKnownFileType = folder.assetcatalog; path = Assets.xcassets; sourceTree = "<group>"; };
		771BEC091D8B0FB100ED1ED5 /* Base */ = {isa = PBXFileReference; lastKnownFileType = file.storyboard; name = Base; path = Base.lproj/LaunchScreen.storyboard; sourceTree = "<group>"; };
		771BEC0B1D8B0FB100ED1ED5 /* Info.plist */ = {isa = PBXFileReference; lastKnownFileType = text.plist.xml; path = Info.plist; sourceTree = "<group>"; };
/* End PBXFileReference section */

/* Begin PBXFrameworksBuildPhase section */
		771BEBF91D8B0FB100ED1ED5 /* Frameworks */ = {
			isa = PBXFrameworksBuildPhase;
			buildActionMask = 2147483647;
			files = (
			);
			runOnlyForDeploymentPostprocessing = 0;
		};
/* End PBXFrameworksBuildPhase section */

/* Begin PBXGroup section */
		771BEBF31D8B0FB100ED1ED5 = {
			isa = PBXGroup;
			children = (
				771BEBFE1D8B0FB100ED1ED5 /* OvercomeTheWorld */,
				771BEBFD1D8B0FB100ED1ED5 /* Products */,
			);
			sourceTree = "<group>";
		};
		771BEBFD1D8B0FB100ED1ED5 /* Products */ = {
			isa = PBXGroup;
			children = (
				771BEBFC1D8B0FB100ED1ED5 /* OvercomeTheWorld.app */,
			);
			name = Products;
			sourceTree = "<group>";
		};
		771BEBFE1D8B0FB100ED1ED5 /* OvercomeTheWorld */ = {
			isa = PBXGroup;
			children = (
				771BEBFF1D8B0FB100ED1ED5 /* AppDelegate.swift */,
				771BEC011D8B0FB100ED1ED5 /* ViewController.swift */,
				771BEC031D8B0FB100ED1ED5 /* Main.storyboard */,
				771BEC061D8B0FB100ED1ED5 /* Assets.xcassets */,
				771BEC081D8B0FB100ED1ED5 /* LaunchScreen.storyboard */,
				771BEC0B1D8B0FB100ED1ED5 /* Info.plist */,
			);
			path = OvercomeTheWorld;
			sourceTree = "<group>";
		};
/* End PBXGroup section */

/* Begin PBXNativeTarget section */
		771BEBFB1D8B0FB100ED1ED5 /* OvercomeTheWorld */ = {
			isa = PBXNativeTarget;
			buildConfigurationList = 771BEC0E1D8B0FB100ED1ED5 /* Build configuration list for PBXNativeTarget "OvercomeTheWorld" */;
			buildPhases = (
				771BEBF81D8B0FB100ED1ED5 /* Sources */,
				771BEBF91D8B0FB100ED1ED5 /* Frameworks */,
				771BEBFA1D8B0FB100ED1ED5 /* Resources */,
			);
			buildRules = (
			);
			dependencies = (
			);
			name = OvercomeTheWorld;
			productName = OvercomeTheWorld;
			productReference = 771BEBFC1D8B0FB100ED1ED5 /* OvercomeTheWorld.app */;
			productType = "com.apple.product-type.application";
		};
/* End PBXNativeTarget section */

/* Begin PBXProject section */
		771BEBF41D8B0FB100ED1ED5 /* Project object */ = {
			isa = PBXProject;
			attributes = {
				LastSwiftUpdateCheck = 0730;
				LastUpgradeCheck = 0730;
				ORGANIZATIONNAME = Victorious;
				TargetAttributes = {
					771BEBFB1D8B0FB100ED1ED5 = {
						CreatedOnToolsVersion = 7.3.1;
					};
				};
			};
			buildConfigurationList = 771BEBF71D8B0FB100ED1ED5 /* Build configuration list for PBXProject "OvercomeTheWorld" */;
			compatibilityVersion = "Xcode 3.2";
			developmentRegion = English;
			hasScannedForEncodings = 0;
			knownRegions = (
				en,
				Base,
			);
			mainGroup = 771BEBF31D8B0FB100ED1ED5;
			productRefGroup = 771BEBFD1D8B0FB100ED1ED5 /* Products */;
			projectDirPath = "";
			projectRoot = "";
			targets = (
				771BEBFB1D8B0FB100ED1ED5 /* OvercomeTheWorld */,
			);
		};
/* End PBXProject section */

/* Begin PBXResourcesBuildPhase section */
		771BEBFA1D8B0FB100ED1ED5 /* Resources */ = {
			isa = PBXResourcesBuildPhase;
			buildActionMask = 2147483647;
			files = (
				771BEC0A1D8B0FB100ED1ED5 /* LaunchScreen.storyboard in Resources */,
				771BEC071D8B0FB100ED1ED5 /* Assets.xcassets in Resources */,
				771BEC051D8B0FB100ED1ED5 /* Main.storyboard in Resources */,
			);
			runOnlyForDeploymentPostprocessing = 0;
		};
/* End PBXResourcesBuildPhase section */

/* Begin PBXSourcesBuildPhase section */
		771BEBF81D8B0FB100ED1ED5 /* Sources */ = {
			isa = PBXSourcesBuildPhase;
			buildActionMask = 2147483647;
			files = (
				771BEC021D8B0FB100ED1ED5 /* ViewController.swift in Sources */,
				771BEC001D8B0FB100ED1ED5 /* AppDelegate.swift in Sources */,
			);
			runOnlyForDeploymentPostprocessing = 0;
		};
/* End PBXSourcesBuildPhase section */

/* Begin PBXVariantGroup section */
		771BEC031D8B0FB100ED1ED5 /* Main.storyboard */ = {
			isa = PBXVariantGroup;
			children = (
				771BEC041D8B0FB100ED1ED5 /* Base */,
			);
			name = Main.storyboard;
			sourceTree = "<group>";
		};
		771BEC081D8B0FB100ED1ED5 /* LaunchScreen.storyboard */ = {
			isa = PBXVariantGroup;
			children = (
				771BEC091D8B0FB100ED1ED5 /* Base */,
			);
			name = LaunchScreen.storyboard;
			sourceTree = "<group>";
		};
/* End PBXVariantGroup section */

/* Begin XCBuildConfiguration section */
		771BEC0C1D8B0FB100ED1ED5 /* Debug */ = {
			isa = XCBuildConfiguration;
			buildSettings = {
				ALWAYS_SEARCH_USER_PATHS = NO;
				CLANG_ANALYZER_NONNULL = YES;
				CLANG_CXX_LANGUAGE_STANDARD = "gnu++0x";
				CLANG_CXX_LIBRARY = "libc++";
				CLANG_ENABLE_MODULES = YES;
				CLANG_ENABLE_OBJC_ARC = YES;
				CLANG_WARN_BOOL_CONVERSION = YES;
				CLANG_WARN_CONSTANT_CONVERSION = YES;
				CLANG_WARN_DIRECT_OBJC_ISA_USAGE = YES_ERROR;
				CLANG_WARN_EMPTY_BODY = YES;
				CLANG_WARN_ENUM_CONVERSION = YES;
				CLANG_WARN_INT_CONVERSION = YES;
				CLANG_WARN_OBJC_ROOT_CLASS = YES_ERROR;
				CLANG_WARN_UNREACHABLE_CODE = YES;
				CLANG_WARN__DUPLICATE_METHOD_MATCH = YES;
				"CODE_SIGN_IDENTITY[sdk=iphoneos*]" = "iPhone Developer";
				COPY_PHASE_STRIP = NO;
				DEBUG_INFORMATION_FORMAT = dwarf;
				ENABLE_STRICT_OBJC_MSGSEND = YES;
				ENABLE_TESTABILITY = YES;
				GCC_C_LANGUAGE_STANDARD = gnu99;
				GCC_DYNAMIC_NO_PIC = NO;
				GCC_NO_COMMON_BLOCKS = YES;
				GCC_OPTIMIZATION_LEVEL = 0;
				GCC_PREPROCESSOR_DEFINITIONS = (
					"DEBUG=1",
					"$(inherited)",
				);
				GCC_WARN_64_TO_32_BIT_CONVERSION = YES;
				GCC_WARN_ABOUT_RETURN_TYPE = YES_ERROR;
				GCC_WARN_UNDECLARED_SELECTOR = YES;
				GCC_WARN_UNINITIALIZED_AUTOS = YES_AGGRESSIVE;
				GCC_WARN_UNUSED_FUNCTION = YES;
				GCC_WARN_UNUSED_VARIABLE = YES;
				IPHONEOS_DEPLOYMENT_TARGET = 9.3;
				MTL_ENABLE_DEBUG_INFO = YES;
				ONLY_ACTIVE_ARCH = YES;
				SDKROOT = iphoneos;
				SWIFT_OPTIMIZATION_LEVEL = "-Onone";
			};
			name = Debug;
		};
		771BEC0D1D8B0FB100ED1ED5 /* Release */ = {
			isa = XCBuildConfiguration;
			buildSettings = {
				ALWAYS_SEARCH_USER_PATHS = NO;
				CLANG_ANALYZER_NONNULL = YES;
				CLANG_CXX_LANGUAGE_STANDARD = "gnu++0x";
				CLANG_CXX_LIBRARY = "libc++";
				CLANG_ENABLE_MODULES = YES;
				CLANG_ENABLE_OBJC_ARC = YES;
				CLANG_WARN_BOOL_CONVERSION = YES;
				CLANG_WARN_CONSTANT_CONVERSION = YES;
				CLANG_WARN_DIRECT_OBJC_ISA_USAGE = YES_ERROR;
				CLANG_WARN_EMPTY_BODY = YES;
				CLANG_WARN_ENUM_CONVERSION = YES;
				CLANG_WARN_INT_CONVERSION = YES;
				CLANG_WARN_OBJC_ROOT_CLASS = YES_ERROR;
				CLANG_WARN_UNREACHABLE_CODE = YES;
				CLANG_WARN__DUPLICATE_METHOD_MATCH = YES;
				"CODE_SIGN_IDENTITY[sdk=iphoneos*]" = "iPhone Developer";
				COPY_PHASE_STRIP = NO;
				DEBUG_INFORMATION_FORMAT = "dwarf-with-dsym";
				ENABLE_NS_ASSERTIONS = NO;
				ENABLE_STRICT_OBJC_MSGSEND = YES;
				GCC_C_LANGUAGE_STANDARD = gnu99;
				GCC_NO_COMMON_BLOCKS = YES;
				GCC_WARN_64_TO_32_BIT_CONVERSION = YES;
				GCC_WARN_ABOUT_RETURN_TYPE = YES_ERROR;
				GCC_WARN_UNDECLARED_SELECTOR = YES;
				GCC_WARN_UNINITIALIZED_AUTOS = YES_AGGRESSIVE;
				GCC_WARN_UNUSED_FUNCTION = YES;
				GCC_WARN_UNUSED_VARIABLE = YES;
				IPHONEOS_DEPLOYMENT_TARGET = 9.3;
				MTL_ENABLE_DEBUG_INFO = NO;
				SDKROOT = iphoneos;
				VALIDATE_PRODUCT = YES;
			};
			name = Release;
		};
		771BEC0F1D8B0FB100ED1ED5 /* Debug */ = {
			isa = XCBuildConfiguration;
			buildSettings = {
				ASSETCATALOG_COMPILER_APPICON_NAME = AppIcon;
				INFOPLIST_FILE = OvercomeTheWorld/Info.plist;
				LD_RUNPATH_SEARCH_PATHS = "$(inherited) @executable_path/Frameworks";
				PRODUCT_BUNDLE_IDENTIFIER = com.victoriousapp.OvercomeTheWorld;
				PRODUCT_NAME = "$(TARGET_NAME)";
			};
			name = Debug;
		};
		771BEC101D8B0FB100ED1ED5 /* Release */ = {
			isa = XCBuildConfiguration;
			buildSettings = {
				ASSETCATALOG_COMPILER_APPICON_NAME = AppIcon;
				INFOPLIST_FILE = OvercomeTheWorld/Info.plist;
				LD_RUNPATH_SEARCH_PATHS = "$(inherited) @executable_path/Frameworks";
				PRODUCT_BUNDLE_IDENTIFIER = com.victoriousapp.OvercomeTheWorld;
				PRODUCT_NAME = "$(TARGET_NAME)";
			};
			name = Release;
		};
/* End XCBuildConfiguration section */

/* Begin XCConfigurationList section */
		771BEBF71D8B0FB100ED1ED5 /* Build configuration list for PBXProject "OvercomeTheWorld" */ = {
			isa = XCConfigurationList;
			buildConfigurations = (
				771BEC0C1D8B0FB100ED1ED5 /* Debug */,
				771BEC0D1D8B0FB100ED1ED5 /* Release */,
			);
			defaultConfigurationIsVisible = 0;
			defaultConfigurationName = Release;
		};
		771BEC0E1D8B0FB100ED1ED5 /* Build configuration list for PBXNativeTarget "OvercomeTheWorld" */ = {
			isa = XCConfigurationList;
			buildConfigurations = (
				771BEC0F1D8B0FB100ED1ED5 /* Debug */,
				771BEC101D8B0FB100ED1ED5 /* Release */,
			);
			defaultConfigurationIsVisible = 0;
		};
/* End XCConfigurationList section */
	};
	rootObject = 771BEBF41D8B0FB100ED1ED5 /* Project object */;
}
